
Microsoft Visual Studio Solution File, Format Version 12.00
# Visual Studio Version 17
VisualStudioVersion = 17.5.33424.131
MinimumVisualStudioVersion = 10.0.40219.1
Project("{9A19103F-16F7-4668-BE54-9A1E7A4F7556}") = "Farmacie", "Farmacie\Farmacie.csproj", "{488E67B0-1520-41FA-8678-1004FA95536F}"
EndProject
Project("{9A19103F-16F7-4668-BE54-9A1E7A4F7556}") = "Farmacie.Core", "Farmacie.Core\Farmacie.Core.csproj", "{9D91B37C-427F-4D97-A30F-838D54F09B05}"
EndProject
Global
	GlobalSection(SolutionConfigurationPlatforms) = preSolution
		Debug|Any CPU = Debug|Any CPU
		Debug|arm64 = Debug|arm64
		Debug|x64 = Debug|x64
		Debug|x86 = Debug|x86
		Release|Any CPU = Release|Any CPU
		Release|arm64 = Release|arm64
		Release|x64 = Release|x64
		Release|x86 = Release|x86
	EndGlobalSection
	GlobalSection(ProjectConfigurationPlatforms) = postSolution
		{488E67B0-1520-41FA-8678-1004FA95536F}.Debug|Any CPU.ActiveCfg = Debug|x64
		{488E67B0-1520-41FA-8678-1004FA95536F}.Debug|Any CPU.Build.0 = Debug|x64
		{488E67B0-1520-41FA-8678-1004FA95536F}.Debug|Any CPU.Deploy.0 = Debug|x64
		{488E67B0-1520-41FA-8678-1004FA95536F}.Debug|arm64.ActiveCfg = Debug|arm64
		{488E67B0-1520-41FA-8678-1004FA95536F}.Debug|arm64.Build.0 = Debug|arm64
		{488E67B0-1520-41FA-8678-1004FA95536F}.Debug|arm64.Deploy.0 = Debug|arm64
		{488E67B0-1520-41FA-8678-1004FA95536F}.Debug|x64.ActiveCfg = Debug|x64
		{488E67B0-1520-41FA-8678-1004FA95536F}.Debug|x64.Build.0 = Debug|x64
		{488E67B0-1520-41FA-8678-1004FA95536F}.Debug|x64.Deploy.0 = Debug|x64
		{488E67B0-1520-41FA-8678-1004FA95536F}.Debug|x86.ActiveCfg = Debug|x86
		{488E67B0-1520-41FA-8678-1004FA95536F}.Debug|x86.Build.0 = Debug|x86
		{488E67B0-1520-41FA-8678-1004FA95536F}.Debug|x86.Deploy.0 = Debug|x86
		{488E67B0-1520-41FA-8678-1004FA95536F}.Release|Any CPU.ActiveCfg = Release|x64
		{488E67B0-1520-41FA-8678-1004FA95536F}.Release|Any CPU.Build.0 = Release|x64
		{488E67B0-1520-41FA-8678-1004FA95536F}.Release|Any CPU.Deploy.0 = Release|x64
		{488E67B0-1520-41FA-8678-1004FA95536F}.Release|arm64.ActiveCfg = Release|arm64
		{488E67B0-1520-41FA-8678-1004FA95536F}.Release|arm64.Build.0 = Release|arm64
		{488E67B0-1520-41FA-8678-1004FA95536F}.Release|arm64.Deploy.0 = Release|arm64
		{488E67B0-1520-41FA-8678-1004FA95536F}.Release|x64.ActiveCfg = Release|x64
		{488E67B0-1520-41FA-8678-1004FA95536F}.Release|x64.Build.0 = Release|x64
		{488E67B0-1520-41FA-8678-1004FA95536F}.Release|x64.Deploy.0 = Release|x64
		{488E67B0-1520-41FA-8678-1004FA95536F}.Release|x86.ActiveCfg = Release|x86
		{488E67B0-1520-41FA-8678-1004FA95536F}.Release|x86.Build.0 = Release|x86
		{488E67B0-1520-41FA-8678-1004FA95536F}.Release|x86.Deploy.0 = Release|x86
		{9D91B37C-427F-4D97-A30F-838D54F09B05}.Debug|Any CPU.ActiveCfg = Debug|Any CPU
		{9D91B37C-427F-4D97-A30F-838D54F09B05}.Debug|Any CPU.Build.0 = Debug|Any CPU
		{9D91B37C-427F-4D97-A30F-838D54F09B05}.Debug|arm64.ActiveCfg = Debug|arm64
		{9D91B37C-427F-4D97-A30F-838D54F09B05}.Debug|arm64.Build.0 = Debug|arm64
		{9D91B37C-427F-4D97-A30F-838D54F09B05}.Debug|x64.ActiveCfg = Debug|x64
		{9D91B37C-427F-4D97-A30F-838D54F09B05}.Debug|x64.Build.0 = Debug|x64
		{9D91B37C-427F-4D97-A30F-838D54F09B05}.Debug|x86.ActiveCfg = Debug|x86
		{9D91B37C-427F-4D97-A30F-838D54F09B05}.Debug|x86.Build.0 = Debug|x86
		{9D91B37C-427F-4D97-A30F-838D54F09B05}.Release|Any CPU.ActiveCfg = Release|Any CPU
		{9D91B37C-427F-4D97-A30F-838D54F09B05}.Release|Any CPU.Build.0 = Release|Any CPU
		{9D91B37C-427F-4D97-A30F-838D54F09B05}.Release|arm64.ActiveCfg = Release|arm64
		{9D91B37C-427F-4D97-A30F-838D54F09B05}.Release|arm64.Build.0 = Release|arm64
		{9D91B37C-427F-4D97-A30F-838D54F09B05}.Release|x64.ActiveCfg = Release|x64
		{9D91B37C-427F-4D97-A30F-838D54F09B05}.Release|x64.Build.0 = Release|x64
		{9D91B37C-427F-4D97-A30F-838D54F09B05}.Release|x86.ActiveCfg = Release|x86
		{9D91B37C-427F-4D97-A30F-838D54F09B05}.Release|x86.Build.0 = Release|x86
	EndGlobalSection
	GlobalSection(SolutionProperties) = preSolution
		HideSolutionNode = FALSE
	EndGlobalSection
	GlobalSection(ExtensibilityGlobals) = postSolution
		SolutionGuid = {B9BBA5FB-0A98-437D-9163-1871D8888959}
	EndGlobalSection
EndGlobal
